
Microsoft Visual Studio Solution File, Format Version 12.00
# Visual Studio 2012
Project("{FAE04EC0-301F-11D3-BF4B-00C04F79EFBC}") = "Firebrand.Demos.Demo01_Operators", "Firebrand.Demos.Demo01_Operators\Firebrand.Demos.Demo01_Operators.csproj", "{7A742E2D-B615-4F93-9AA1-1ECB0082988C}"
EndProject
Project("{FAE04EC0-301F-11D3-BF4B-00C04F79EFBC}") = "Firebrand.Demos.Demo02_Arrays", "Firebrand.Demos.Demo02_Arrays\Firebrand.Demos.Demo02_Arrays.csproj", "{BDD6E391-691F-4BE6-8710-3911ED0A86AA}"
EndProject
Project("{FAE04EC0-301F-11D3-BF4B-00C04F79EFBC}") = "Firebrand.Demos.Demo03_ClassLibrary", "Firebrand.Demos.Demo03_ClassLibrary\Firebrand.Demos.Demo03_ClassLibrary.csproj", "{ECD82A39-F7B7-40AC-BD32-FA0E1752F3FB}"
EndProject
Project("{FAE04EC0-301F-11D3-BF4B-00C04F79EFBC}") = "Firebrand.Demos.Demo04_Inheritance", "Firebrand.Demos.Demo04_Inheritance\Firebrand.Demos.Demo04_Inheritance.csproj", "{7A3F0188-3161-4528-9809-82692A7B5BB5}"
EndProject
Project("{FAE04EC0-301F-11D3-BF4B-00C04F79EFBC}") = "Firebrand.Demos.Demo05_Objects", "Firebrand.Demos.Demo05_Objects\Firebrand.Demos.Demo05_Objects.csproj", "{C13D2C4C-C022-4426-816F-9A6BB69B09A3}"
EndProject
Project("{FAE04EC0-301F-11D3-BF4B-00C04F79EFBC}") = "Firebrand.Demos.Demo06_Diagnostics", "Firebrand.Demos.Demo06_Diagnostics\Firebrand.Demos.Demo06_Diagnostics.csproj", "{B3386D2B-CF04-468D-97D5-F24C3A092A16}"
EndProject
Project("{FAE04EC0-301F-11D3-BF4B-00C04F79EFBC}") = "Firebrand.Demos.Demo07_EventLog", "Firebrand.Demos.Demo07_EventLog\Firebrand.Demos.Demo07_EventLog.csproj", "{1C08A704-81B0-4F7A-AC3F-B7E4ADBEAFB5}"
EndProject
Project("{FAE04EC0-301F-11D3-BF4B-00C04F79EFBC}") = "Firebrand.Demos.Demo08_Tracing", "Firebrand.Demos.Demo08_Tracing\Firebrand.Demos.Demo08_Tracing.csproj", "{17B5367F-907A-49DB-89A0-565118C7FE28}"
EndProject
Project("{FAE04EC0-301F-11D3-BF4B-00C04F79EFBC}") = "Firebrands.Demos.Demo09_Struct", "Firebrands.Demos.Demo09_Struct\Firebrands.Demos.Demo09_Struct.csproj", "{ECAFEDA5-C539-4200-9A3C-843E90ACD20E}"
EndProject
Project("{FAE04EC0-301F-11D3-BF4B-00C04F79EFBC}") = "Firebrand.Demos.Demo10_Events", "Firebrand.Demos.Demo10_Events\Firebrand.Demos.Demo10_Events.csproj", "{0270E681-38FA-4BC8-9B10-4084921B5B93}"
EndProject
Project("{FAE04EC0-301F-11D3-BF4B-00C04F79EFBC}") = "Firebrand.Demos.Demo11_UnitTest", "Firebrand.Demos.Demo11_UnitTest\Firebrand.Demos.Demo11_UnitTest.csproj", "{F513225F-7ED3-41A5-8530-84D98B817E55}"
EndProject
Project("{FAE04EC0-301F-11D3-BF4B-00C04F79EFBC}") = "Firebrand.Demos.Demo12_OOP", "Firebrand.Demos.Demo12_OOP\Firebrand.Demos.Demo12_OOP.csproj", "{9088F600-013B-492F-A57D-177FB672122B}"
EndProject
Project("{FAE04EC0-301F-11D3-BF4B-00C04F79EFBC}") = "Firebrand.Demos.Demo13_ObjectInheritance", "Firebrand.Demos.Demo13_ObjectInheritance\Firebrand.Demos.Demo13_ObjectInheritance.csproj", "{CB4FED7E-2ED9-4BF4-A9F9-0245673CBCE3}"
EndProject
Project("{FAE04EC0-301F-11D3-BF4B-00C04F79EFBC}") = "Firebrand.Demos.Demo14_EextensionMethods", "Firebrand.Demos.Demo14_EextensionMethods\Firebrand.Demos.Demo14_EextensionMethods.csproj", "{5567D9CF-E7BF-4499-BBD4-0D35FAE9E8FE}"
EndProject
Project("{FAE04EC0-301F-11D3-BF4B-00C04F79EFBC}") = "Firebrand.Demos.Demo15_IO", "Firebrand.Demos.Demo15_IO\Firebrand.Demos.Demo15_IO.csproj", "{30681FA1-4217-4118-A8DC-4CA2A2AB110D}"
EndProject
Project("{FAE04EC0-301F-11D3-BF4B-00C04F79EFBC}") = "Firebrand.Demos.Demo16_Serialization", "Firebrand.Demos.Demo16_Serialization\Firebrand.Demos.Demo16_Serialization.csproj", "{7C6AA198-B074-4985-915F-F55FE93F396C}"
EndProject
Project("{FAE04EC0-301F-11D3-BF4B-00C04F79EFBC}") = "Firebrands.Demos.Demo17_EntityFramework", "Firebrands.Demos.Demo17_EntityFramework\Firebrands.Demos.Demo17_EntityFramework.csproj", "{FE3A3DC5-197C-4B58-8245-56D4472C2D35}"
EndProject
Project("{FAE04EC0-301F-11D3-BF4B-00C04F79EFBC}") = "Firebrand.Demos.Demo18_Linq", "Firebrand.Demos.Demo18_Linq\Firebrand.Demos.Demo18_Linq.csproj", "{6D1452F4-139C-4A50-84D2-0307ED253E1E}"
EndProject
Project("{FAE04EC0-301F-11D3-BF4B-00C04F79EFBC}") = "Firebrand.Demos.Demo19_WebAPI", "Firebrand.Demos.Demo19_WebAPI\Firebrand.Demos.Demo19_WebAPI.csproj", "{B6D8A571-4869-4B8D-92B1-CA34C7DF0609}"
EndProject
Project("{FAE04EC0-301F-11D3-BF4B-00C04F79EFBC}") = "Firebrand.Demos.Demo20_CallingRestServices", "Firebrand.Demos.Demo20_CallingRestServices\Firebrand.Demos.Demo20_CallingRestServices.csproj", "{E266A0AE-671B-4EA0-BDA2-106FE0DF3F4C}"
EndProject
Project("{FAE04EC0-301F-11D3-BF4B-00C04F79EFBC}") = "Firebrand.Demos.Demo21_Delegates", "Firebrand.Demos.Demo21_Delegates\Firebrand.Demos.Demo21_Delegates.csproj", "{EDDCA531-0F51-4030-B624-9F5CA702A07F}"
EndProject
Project("{FAE04EC0-301F-11D3-BF4B-00C04F79EFBC}") = "Firebrand.Demos.Demo22_ParallelTasks", "Firebrand.Demos.Demo22_ParallelTasks\Firebrand.Demos.Demo22_ParallelTasks.csproj", "{6E01F2AF-AF90-4A54-B159-4E31860BD8F7}"
EndProject
Project("{FAE04EC0-301F-11D3-BF4B-00C04F79EFBC}") = "Firebrand.Demos.Demo23_TaskFactory", "Firebrand.Demos.Demo23_TaskFactory\Firebrand.Demos.Demo23_TaskFactory.csproj", "{EF81173F-83C2-4CBB-9D7E-7FEDA713DB46}"
EndProject
Project("{FAE04EC0-301F-11D3-BF4B-00C04F79EFBC}") = "Firebrand.Demos.Demo24_AsyncAwait", "Firebrand.Demos.Demo24_AsyncAwait\Firebrand.Demos.Demo24_AsyncAwait.csproj", "{B2CF6395-D97B-48AA-9852-ED8B6D39FCF1}"
EndProject
Project("{FAE04EC0-301F-11D3-BF4B-00C04F79EFBC}") = "Firebrand.Demos.Demo25_Dynamic", "Firebrand.Demos.Demo25_Dynamic\Firebrand.Demos.Demo25_Dynamic.csproj", "{15B5876B-91D8-4BAE-8446-3B42DBE76BA0}"
EndProject
Project("{FAE04EC0-301F-11D3-BF4B-00C04F79EFBC}") = "Firebrand.Demos.Demo26_IDisposable", "Firebrand.Demos.Demo26_IDisposable\Firebrand.Demos.Demo26_IDisposable.csproj", "{739B6B87-392F-46E4-ABB1-109AE79A0F9A}"
EndProject
Project("{FAE04EC0-301F-11D3-BF4B-00C04F79EFBC}") = "Firebrand.Demos.Demo27_Reflection", "Firebrand.Demos.Demo27_Reflection\Firebrand.Demos.Demo27_Reflection.csproj", "{E95459CD-0D7E-4F45-A908-4C161D24C12D}"
EndProject
Global
	GlobalSection(SolutionConfigurationPlatforms) = preSolution
		Debug|Any CPU = Debug|Any CPU
		Release|Any CPU = Release|Any CPU
	EndGlobalSection
	GlobalSection(ProjectConfigurationPlatforms) = postSolution
		{7A742E2D-B615-4F93-9AA1-1ECB0082988C}.Debug|Any CPU.ActiveCfg = Debug|Any CPU
		{7A742E2D-B615-4F93-9AA1-1ECB0082988C}.Debug|Any CPU.Build.0 = Debug|Any CPU
		{7A742E2D-B615-4F93-9AA1-1ECB0082988C}.Release|Any CPU.ActiveCfg = Release|Any CPU
		{7A742E2D-B615-4F93-9AA1-1ECB0082988C}.Release|Any CPU.Build.0 = Release|Any CPU
		{BDD6E391-691F-4BE6-8710-3911ED0A86AA}.Debug|Any CPU.ActiveCfg = Debug|Any CPU
		{BDD6E391-691F-4BE6-8710-3911ED0A86AA}.Debug|Any CPU.Build.0 = Debug|Any CPU
		{BDD6E391-691F-4BE6-8710-3911ED0A86AA}.Release|Any CPU.ActiveCfg = Release|Any CPU
		{BDD6E391-691F-4BE6-8710-3911ED0A86AA}.Release|Any CPU.Build.0 = Release|Any CPU
		{ECD82A39-F7B7-40AC-BD32-FA0E1752F3FB}.Debug|Any CPU.ActiveCfg = Debug|Any CPU
		{ECD82A39-F7B7-40AC-BD32-FA0E1752F3FB}.Debug|Any CPU.Build.0 = Debug|Any CPU
		{ECD82A39-F7B7-40AC-BD32-FA0E1752F3FB}.Release|Any CPU.ActiveCfg = Release|Any CPU
		{ECD82A39-F7B7-40AC-BD32-FA0E1752F3FB}.Release|Any CPU.Build.0 = Release|Any CPU
		{7A3F0188-3161-4528-9809-82692A7B5BB5}.Debug|Any CPU.ActiveCfg = Debug|Any CPU
		{7A3F0188-3161-4528-9809-82692A7B5BB5}.Debug|Any CPU.Build.0 = Debug|Any CPU
		{7A3F0188-3161-4528-9809-82692A7B5BB5}.Release|Any CPU.ActiveCfg = Release|Any CPU
		{7A3F0188-3161-4528-9809-82692A7B5BB5}.Release|Any CPU.Build.0 = Release|Any CPU
		{C13D2C4C-C022-4426-816F-9A6BB69B09A3}.Debug|Any CPU.ActiveCfg = Debug|Any CPU
		{C13D2C4C-C022-4426-816F-9A6BB69B09A3}.Debug|Any CPU.Build.0 = Debug|Any CPU
		{C13D2C4C-C022-4426-816F-9A6BB69B09A3}.Release|Any CPU.ActiveCfg = Release|Any CPU
		{C13D2C4C-C022-4426-816F-9A6BB69B09A3}.Release|Any CPU.Build.0 = Release|Any CPU
		{B3386D2B-CF04-468D-97D5-F24C3A092A16}.Debug|Any CPU.ActiveCfg = Debug|Any CPU
		{B3386D2B-CF04-468D-97D5-F24C3A092A16}.Debug|Any CPU.Build.0 = Debug|Any CPU
		{B3386D2B-CF04-468D-97D5-F24C3A092A16}.Release|Any CPU.ActiveCfg = Release|Any CPU
		{B3386D2B-CF04-468D-97D5-F24C3A092A16}.Release|Any CPU.Build.0 = Release|Any CPU
		{1C08A704-81B0-4F7A-AC3F-B7E4ADBEAFB5}.Debug|Any CPU.ActiveCfg = Debug|Any CPU
		{1C08A704-81B0-4F7A-AC3F-B7E4ADBEAFB5}.Debug|Any CPU.Build.0 = Debug|Any CPU
		{1C08A704-81B0-4F7A-AC3F-B7E4ADBEAFB5}.Release|Any CPU.ActiveCfg = Release|Any CPU
		{1C08A704-81B0-4F7A-AC3F-B7E4ADBEAFB5}.Release|Any CPU.Build.0 = Release|Any CPU
		{17B5367F-907A-49DB-89A0-565118C7FE28}.Debug|Any CPU.ActiveCfg = Debug|Any CPU
		{17B5367F-907A-49DB-89A0-565118C7FE28}.Debug|Any CPU.Build.0 = Debug|Any CPU
		{17B5367F-907A-49DB-89A0-565118C7FE28}.Release|Any CPU.ActiveCfg = Release|Any CPU
		{17B5367F-907A-49DB-89A0-565118C7FE28}.Release|Any CPU.Build.0 = Release|Any CPU
		{ECAFEDA5-C539-4200-9A3C-843E90ACD20E}.Debug|Any CPU.ActiveCfg = Debug|Any CPU
		{ECAFEDA5-C539-4200-9A3C-843E90ACD20E}.Debug|Any CPU.Build.0 = Debug|Any CPU
		{ECAFEDA5-C539-4200-9A3C-843E90ACD20E}.Release|Any CPU.ActiveCfg = Release|Any CPU
		{ECAFEDA5-C539-4200-9A3C-843E90ACD20E}.Release|Any CPU.Build.0 = Release|Any CPU
		{0270E681-38FA-4BC8-9B10-4084921B5B93}.Debug|Any CPU.ActiveCfg = Debug|Any CPU
		{0270E681-38FA-4BC8-9B10-4084921B5B93}.Debug|Any CPU.Build.0 = Debug|Any CPU
		{0270E681-38FA-4BC8-9B10-4084921B5B93}.Release|Any CPU.ActiveCfg = Release|Any CPU
		{0270E681-38FA-4BC8-9B10-4084921B5B93}.Release|Any CPU.Build.0 = Release|Any CPU
		{F513225F-7ED3-41A5-8530-84D98B817E55}.Debug|Any CPU.ActiveCfg = Debug|Any CPU
		{F513225F-7ED3-41A5-8530-84D98B817E55}.Debug|Any CPU.Build.0 = Debug|Any CPU
		{F513225F-7ED3-41A5-8530-84D98B817E55}.Release|Any CPU.ActiveCfg = Release|Any CPU
		{F513225F-7ED3-41A5-8530-84D98B817E55}.Release|Any CPU.Build.0 = Release|Any CPU
		{9088F600-013B-492F-A57D-177FB672122B}.Debug|Any CPU.ActiveCfg = Debug|Any CPU
		{9088F600-013B-492F-A57D-177FB672122B}.Debug|Any CPU.Build.0 = Debug|Any CPU
		{9088F600-013B-492F-A57D-177FB672122B}.Release|Any CPU.ActiveCfg = Release|Any CPU
		{9088F600-013B-492F-A57D-177FB672122B}.Release|Any CPU.Build.0 = Release|Any CPU
		{CB4FED7E-2ED9-4BF4-A9F9-0245673CBCE3}.Debug|Any CPU.ActiveCfg = Debug|Any CPU
		{CB4FED7E-2ED9-4BF4-A9F9-0245673CBCE3}.Debug|Any CPU.Build.0 = Debug|Any CPU
		{CB4FED7E-2ED9-4BF4-A9F9-0245673CBCE3}.Release|Any CPU.ActiveCfg = Release|Any CPU
		{CB4FED7E-2ED9-4BF4-A9F9-0245673CBCE3}.Release|Any CPU.Build.0 = Release|Any CPU
		{5567D9CF-E7BF-4499-BBD4-0D35FAE9E8FE}.Debug|Any CPU.ActiveCfg = Debug|Any CPU
		{5567D9CF-E7BF-4499-BBD4-0D35FAE9E8FE}.Debug|Any CPU.Build.0 = Debug|Any CPU
		{5567D9CF-E7BF-4499-BBD4-0D35FAE9E8FE}.Release|Any CPU.ActiveCfg = Release|Any CPU
		{5567D9CF-E7BF-4499-BBD4-0D35FAE9E8FE}.Release|Any CPU.Build.0 = Release|Any CPU
		{30681FA1-4217-4118-A8DC-4CA2A2AB110D}.Debug|Any CPU.ActiveCfg = Debug|Any CPU
		{30681FA1-4217-4118-A8DC-4CA2A2AB110D}.Debug|Any CPU.Build.0 = Debug|Any CPU
		{30681FA1-4217-4118-A8DC-4CA2A2AB110D}.Release|Any CPU.ActiveCfg = Release|Any CPU
		{30681FA1-4217-4118-A8DC-4CA2A2AB110D}.Release|Any CPU.Build.0 = Release|Any CPU
		{7C6AA198-B074-4985-915F-F55FE93F396C}.Debug|Any CPU.ActiveCfg = Debug|Any CPU
		{7C6AA198-B074-4985-915F-F55FE93F396C}.Debug|Any CPU.Build.0 = Debug|Any CPU
		{7C6AA198-B074-4985-915F-F55FE93F396C}.Release|Any CPU.ActiveCfg = Release|Any CPU
		{7C6AA198-B074-4985-915F-F55FE93F396C}.Release|Any CPU.Build.0 = Release|Any CPU
		{FE3A3DC5-197C-4B58-8245-56D4472C2D35}.Debug|Any CPU.ActiveCfg = Debug|Any CPU
		{FE3A3DC5-197C-4B58-8245-56D4472C2D35}.Debug|Any CPU.Build.0 = Debug|Any CPU
		{FE3A3DC5-197C-4B58-8245-56D4472C2D35}.Release|Any CPU.ActiveCfg = Release|Any CPU
		{FE3A3DC5-197C-4B58-8245-56D4472C2D35}.Release|Any CPU.Build.0 = Release|Any CPU
		{6D1452F4-139C-4A50-84D2-0307ED253E1E}.Debug|Any CPU.ActiveCfg = Debug|Any CPU
		{6D1452F4-139C-4A50-84D2-0307ED253E1E}.Debug|Any CPU.Build.0 = Debug|Any CPU
		{6D1452F4-139C-4A50-84D2-0307ED253E1E}.Release|Any CPU.ActiveCfg = Release|Any CPU
		{6D1452F4-139C-4A50-84D2-0307ED253E1E}.Release|Any CPU.Build.0 = Release|Any CPU
		{B6D8A571-4869-4B8D-92B1-CA34C7DF0609}.Debug|Any CPU.ActiveCfg = Debug|Any CPU
		{B6D8A571-4869-4B8D-92B1-CA34C7DF0609}.Debug|Any CPU.Build.0 = Debug|Any CPU
		{B6D8A571-4869-4B8D-92B1-CA34C7DF0609}.Release|Any CPU.ActiveCfg = Release|Any CPU
		{B6D8A571-4869-4B8D-92B1-CA34C7DF0609}.Release|Any CPU.Build.0 = Release|Any CPU
		{E266A0AE-671B-4EA0-BDA2-106FE0DF3F4C}.Debug|Any CPU.ActiveCfg = Debug|Any CPU
		{E266A0AE-671B-4EA0-BDA2-106FE0DF3F4C}.Debug|Any CPU.Build.0 = Debug|Any CPU
		{E266A0AE-671B-4EA0-BDA2-106FE0DF3F4C}.Release|Any CPU.ActiveCfg = Release|Any CPU
		{E266A0AE-671B-4EA0-BDA2-106FE0DF3F4C}.Release|Any CPU.Build.0 = Release|Any CPU
		{EDDCA531-0F51-4030-B624-9F5CA702A07F}.Debug|Any CPU.ActiveCfg = Debug|Any CPU
		{EDDCA531-0F51-4030-B624-9F5CA702A07F}.Debug|Any CPU.Build.0 = Debug|Any CPU
		{EDDCA531-0F51-4030-B624-9F5CA702A07F}.Release|Any CPU.ActiveCfg = Release|Any CPU
		{EDDCA531-0F51-4030-B624-9F5CA702A07F}.Release|Any CPU.Build.0 = Release|Any CPU
		{6E01F2AF-AF90-4A54-B159-4E31860BD8F7}.Debug|Any CPU.ActiveCfg = Debug|Any CPU
		{6E01F2AF-AF90-4A54-B159-4E31860BD8F7}.Debug|Any CPU.Build.0 = Debug|Any CPU
		{6E01F2AF-AF90-4A54-B159-4E31860BD8F7}.Release|Any CPU.ActiveCfg = Release|Any CPU
		{6E01F2AF-AF90-4A54-B159-4E31860BD8F7}.Release|Any CPU.Build.0 = Release|Any CPU
		{EF81173F-83C2-4CBB-9D7E-7FEDA713DB46}.Debug|Any CPU.ActiveCfg = Debug|Any CPU
		{EF81173F-83C2-4CBB-9D7E-7FEDA713DB46}.Debug|Any CPU.Build.0 = Debug|Any CPU
		{EF81173F-83C2-4CBB-9D7E-7FEDA713DB46}.Release|Any CPU.ActiveCfg = Release|Any CPU
		{EF81173F-83C2-4CBB-9D7E-7FEDA713DB46}.Release|Any CPU.Build.0 = Release|Any CPU
		{B2CF6395-D97B-48AA-9852-ED8B6D39FCF1}.Debug|Any CPU.ActiveCfg = Debug|Any CPU
		{B2CF6395-D97B-48AA-9852-ED8B6D39FCF1}.Debug|Any CPU.Build.0 = Debug|Any CPU
		{B2CF6395-D97B-48AA-9852-ED8B6D39FCF1}.Release|Any CPU.ActiveCfg = Release|Any CPU
		{B2CF6395-D97B-48AA-9852-ED8B6D39FCF1}.Release|Any CPU.Build.0 = Release|Any CPU
		{15B5876B-91D8-4BAE-8446-3B42DBE76BA0}.Debug|Any CPU.ActiveCfg = Debug|Any CPU
		{15B5876B-91D8-4BAE-8446-3B42DBE76BA0}.Debug|Any CPU.Build.0 = Debug|Any CPU
		{15B5876B-91D8-4BAE-8446-3B42DBE76BA0}.Release|Any CPU.ActiveCfg = Release|Any CPU
		{15B5876B-91D8-4BAE-8446-3B42DBE76BA0}.Release|Any CPU.Build.0 = Release|Any CPU
		{739B6B87-392F-46E4-ABB1-109AE79A0F9A}.Debug|Any CPU.ActiveCfg = Debug|Any CPU
		{739B6B87-392F-46E4-ABB1-109AE79A0F9A}.Debug|Any CPU.Build.0 = Debug|Any CPU
		{739B6B87-392F-46E4-ABB1-109AE79A0F9A}.Release|Any CPU.ActiveCfg = Release|Any CPU
		{739B6B87-392F-46E4-ABB1-109AE79A0F9A}.Release|Any CPU.Build.0 = Release|Any CPU
		{E95459CD-0D7E-4F45-A908-4C161D24C12D}.Debug|Any CPU.ActiveCfg = Debug|Any CPU
		{E95459CD-0D7E-4F45-A908-4C161D24C12D}.Debug|Any CPU.Build.0 = Debug|Any CPU
		{E95459CD-0D7E-4F45-A908-4C161D24C12D}.Release|Any CPU.ActiveCfg = Release|Any CPU
		{E95459CD-0D7E-4F45-A908-4C161D24C12D}.Release|Any CPU.Build.0 = Release|Any CPU
	EndGlobalSection
	GlobalSection(SolutionProperties) = preSolution
		HideSolutionNode = FALSE
	EndGlobalSection
	GlobalSection(Performance) = preSolution
		HasPerformanceSessions = true
	EndGlobalSection
EndGlobal
